
Microsoft Visual Studio Solution File, Format Version 12.00
# Visual Studio Version 17
VisualStudioVersion = 17.0.32002.185
MinimumVisualStudioVersion = 10.0.40219.1
Project("{FAE04EC0-301F-11D3-BF4B-00C04F79EFBC}") = "tempCalculator", "tempCalculator\tempCalculator.csproj", "{2F520564-5692-4E81-A83A-D20C0CC67C15}"
EndProject
Global
	GlobalSection(SolutionConfigurationPlatforms) = preSolution
		Debug|Any CPU = Debug|Any CPU
		Release|Any CPU = Release|Any CPU
	EndGlobalSection
	GlobalSection(ProjectConfigurationPlatforms) = postSolution
		{2F520564-5692-4E81-A83A-D20C0CC67C15}.Debug|Any CPU.ActiveCfg = Debug|Any CPU
		{2F520564-5692-4E81-A83A-D20C0CC67C15}.Debug|Any CPU.Build.0 = Debug|Any CPU
		{2F520564-5692-4E81-A83A-D20C0CC67C15}.Release|Any CPU.ActiveCfg = Release|Any CPU
		{2F520564-5692-4E81-A83A-D20C0CC67C15}.Release|Any CPU.Build.0 = Release|Any CPU
	EndGlobalSection
	GlobalSection(SolutionProperties) = preSolution
		HideSolutionNode = FALSE
	EndGlobalSection
	GlobalSection(ExtensibilityGlobals) = postSolution
		SolutionGuid = {37522AE1-CC13-485F-B4B4-7A900927857A}
	EndGlobalSection
EndGlobal
